
Microsoft Visual Studio Solution File, Format Version 12.00
# Visual Studio Version 16
VisualStudioVersion = 16.0.31025.194
MinimumVisualStudioVersion = 10.0.40219.1
Project("{8BC9CEB8-8B4A-11D0-8D11-00A0C91BC942}") = "Lab7_SDA", "Lab7_SDA\Lab7_SDA.vcxproj", "{B3CC87EA-1D14-4500-B451-3E97AF8B3731}"
EndProject
Global
	GlobalSection(SolutionConfigurationPlatforms) = preSolution
		Debug|x64 = Debug|x64
		Debug|x86 = Debug|x86
		Release|x64 = Release|x64
		Release|x86 = Release|x86
	EndGlobalSection
	GlobalSection(ProjectConfigurationPlatforms) = postSolution
		{B3CC87EA-1D14-4500-B451-3E97AF8B3731}.Debug|x64.ActiveCfg = Debug|x64
		{B3CC87EA-1D14-4500-B451-3E97AF8B3731}.Debug|x64.Build.0 = Debug|x64
		{B3CC87EA-1D14-4500-B451-3E97AF8B3731}.Debug|x86.ActiveCfg = Debug|Win32
		{B3CC87EA-1D14-4500-B451-3E97AF8B3731}.Debug|x86.Build.0 = Debug|Win32
		{B3CC87EA-1D14-4500-B451-3E97AF8B3731}.Release|x64.ActiveCfg = Release|x64
		{B3CC87EA-1D14-4500-B451-3E97AF8B3731}.Release|x64.Build.0 = Release|x64
		{B3CC87EA-1D14-4500-B451-3E97AF8B3731}.Release|x86.ActiveCfg = Release|Win32
		{B3CC87EA-1D14-4500-B451-3E97AF8B3731}.Release|x86.Build.0 = Release|Win32
	EndGlobalSection
	GlobalSection(SolutionProperties) = preSolution
		HideSolutionNode = FALSE
	EndGlobalSection
	GlobalSection(ExtensibilityGlobals) = postSolution
		SolutionGuid = {657767E9-DD0C-4B31-8C50-BA055ECEBB33}
	EndGlobalSection
EndGlobal
